# Generated by pub
# See https://dart.dev/tools/pub/glossary#lockfile
packages:
  async:
    dependency: transitive
    description:
      name: async
      sha256: "947bfcf187f74dbc5e146c9eb9c0f10c9f8b30743e341481c1e2ed3ecc18c20c"
      url: "https://pub.dev"
    source: hosted
    version: "2.11.0"
  bloc:
    dependency: transitive
    description:
      name: bloc
      sha256: "6f1b87b6eca9041d5672b6e29273cd1594db48ebb66fd2471066e9f3c3a516bd"
      url: "https://pub.dev"
    source: hosted
    version: "7.2.1"
  boolean_selector:
    dependency: transitive
    description:
      name: boolean_selector
      sha256: "6cfb5af12253eaf2b368f07bacc5a80d1301a071c73360d746b7f2e32d762c66"
      url: "https://pub.dev"
    source: hosted
    version: "2.1.1"
  characters:
    dependency: transitive
    description:
      name: characters
      sha256: "04a925763edad70e8443c99234dc3328f442e811f1d8fd1a72f1c8ad0f69a605"
      url: "https://pub.dev"
    source: hosted
    version: "1.3.0"
  clock:
    dependency: transitive
    description:
      name: clock
      sha256: cb6d7f03e1de671e34607e909a7213e31d7752be4fb66a86d29fe1eb14bfb5cf
      url: "https://pub.dev"
    source: hosted
    version: "1.1.1"
  collection:
    dependency: transitive
    description:
      name: collection
      sha256: ee67cb0715911d28db6bf4af1026078bd6f0128b07a5f66fb2ed94ec6783c09a
      url: "https://pub.dev"
    source: hosted
    version: "1.18.0"
  crypto:
    dependency: transitive
    description:
      name: crypto
      sha256: ff625774173754681d66daaf4a448684fb04b78f902da9cb3d308c19cc5e8bab
      url: "https://pub.dev"
    source: hosted
    version: "3.0.3"
  cupertino_icons:
    dependency: "direct main"
    description:
      name: cupertino_icons
      sha256: ba631d1c7f7bef6b729a622b7b752645a2d076dba9976925b8f25725a30e1ee6
      url: "https://pub.dev"
    source: hosted
    version: "1.0.8"
  equatable:
    dependency: "direct main"
    description:
      name: equatable
      sha256: c2b87cb7756efdf69892005af546c56c0b5037f54d2a88269b4f347a505e3ca2
      url: "https://pub.dev"
    source: hosted
    version: "2.0.5"
  fake_async:
    dependency: transitive
    description:
      name: fake_async
      sha256: "511392330127add0b769b75a987850d136345d9227c6b94c96a04cf4a391bf78"
      url: "https://pub.dev"
    source: hosted
    version: "1.3.1"
  ffi:
    dependency: transitive
    description:
      name: ffi
      sha256: "493f37e7df1804778ff3a53bd691d8692ddf69702cf4c1c1096a2e41b4779e21"
      url: "https://pub.dev"
    source: hosted
    version: "2.1.2"
  flutter:
    dependency: "direct main"
    description: flutter
    source: sdk
    version: "0.0.0"
  flutter_bloc:
    dependency: "direct main"
    description:
      name: flutter_bloc
      sha256: cdd1351ced09eeb46cfa7946e095b7679344af927415ca9cd972928fa6d5b23f
      url: "https://pub.dev"
    source: hosted
    version: "7.3.3"
  flutter_lints:
    dependency: "direct dev"
    description:
      name: flutter_lints
      sha256: "9e8c3858111da373efc5aa341de011d9bd23e2c5c5e0c62bccf32438e192d7b1"
      url: "https://pub.dev"
    source: hosted
    version: "3.0.2"
  flutter_test:
    dependency: "direct dev"
    description: flutter
    source: sdk
    version: "0.0.0"
  flutter_web_plugins:
    dependency: transitive
    description: flutter
    source: sdk
    version: "0.0.0"
  fluttertoast:
    dependency: "direct main"
    description:
      name: fluttertoast
      sha256: "7eae679e596a44fdf761853a706f74979f8dd3cd92cf4e23cae161fda091b847"
      url: "https://pub.dev"
    source: hosted
    version: "8.2.6"
  go_router:
    dependency: "direct main"
    description:
      name: go_router
      sha256: b465e99ce64ba75e61c8c0ce3d87b66d8ac07f0b35d0a7e0263fcfc10f99e836
      url: "https://pub.dev"
    source: hosted
    version: "13.2.5"
  google_fonts:
    dependency: "direct main"
    description:
      name: google_fonts
      sha256: "6b6f10f0ce3c42f6552d1c70d2c28d764cf22bb487f50f66cca31dcd5194f4d6"
      url: "https://pub.dev"
    source: hosted
    version: "4.0.4"
  http:
    dependency: "direct main"
    description:
      name: http
      sha256: "5895291c13fa8a3bd82e76d5627f69e0d85ca6a30dcac95c4ea19a5d555879c2"
      url: "https://pub.dev"
    source: hosted
    version: "0.13.6"
  http_parser:
    dependency: transitive
    description:
      name: http_parser
      sha256: "2aa08ce0341cc9b354a498388e30986515406668dbcc4f7c950c3e715496693b"
      url: "https://pub.dev"
    source: hosted
    version: "4.0.2"
  leak_tracker:
    dependency: transitive
    description:
      name: leak_tracker
      sha256: "7f0df31977cb2c0b88585095d168e689669a2cc9b97c309665e3386f3e9d341a"
      url: "https://pub.dev"
    source: hosted
    version: "10.0.4"
  leak_tracker_flutter_testing:
    dependency: transitive
    description:
      name: leak_tracker_flutter_testing
      sha256: "06e98f569d004c1315b991ded39924b21af84cf14cc94791b8aea337d25b57f8"
      url: "https://pub.dev"
    source: hosted
    version: "3.0.3"
  leak_tracker_testing:
    dependency: transitive
    description:
      name: leak_tracker_testing
      sha256: "6ba465d5d76e67ddf503e1161d1f4a6bc42306f9d66ca1e8f079a2f9eeabb68d"
      url: "https://pub.dev"
    source: hosted
    version: "3.0.2"
  meta:
    dependency: transitive
    description:
      name: meta
      sha256: "f90b4ce98105f8be8a78f8da9f2f4bb7a13e81b0c114c9ec2f53b4d2f953be6a"
      url: "https://pub.dev"
    source: hosted
    version: "1.7.0"
  native_stack_traces:
    dependency: transitive
    description:
      name: native_stack_traces
      sha256: "13e0a6060f48d18a0a7f510482f162d9c9023dce78845a63ff12d2d02f2e28c6"
      url: "https://pub.dev"
    source: hosted
    version: "1.1.10"
  path:
    dependency: transitive
    description:
      name: path
      sha256: "7e90c95cd731d6e682342db79782c17784e7729513f6e8b919b9f2959d3c0cc3"
      url: "https://pub.dev"
    source: hosted
    version: "2.2.3"
  pedantic:
    dependency: "direct dev"
    description:
      name: pedantic
      sha256: "2656c7f1e7c7b79e28c2e19374b8bf576e47c732e29f2f3cc26e6c36da3cc548"
      url: "https://pub.dev"
    source: hosted
    version: "2.3.2"
  platform:
    dependency: transitive
    description:
      name: platform
      sha256: "c5b76c8e2e6b57cd69edc9294e0d68d4da3a7985d31e2f5d2f7f6b6c37f54161"
      url: "https://pub.dev"
    source: hosted
    version: "3.1.6"
  plugin_platform_interface:
    dependency: transitive
    description:
      name: plugin_platform_interface
      sha256: "9efc5f5806a7c9d6f9ce33cd4fb5670a6b4f2ff61d4406984f3d8bb90a0c4d3d"
      url: "https://pub.dev"
    source: hosted
    version: "2.0.2"
  process:
    dependency: transitive
    description:
      name: process
      sha256: "e682f0ac1e0b2a299350d3c4e1f42d4d11a6bb7393e8d80b3e38e27531cc17c6"
      url: "https://pub.dev"
    source: hosted
    version: "4.2.3"
  pub_semver:
    dependency: transitive
    description:
      name: pub_semver
      sha256: "6b1d78d0e4d71e193bdf40c16f6c4ffedce5f13a60e8d1db0b2b3612b4a1aace"
      url: "https://pub.dev"
    source: hosted
    version: "2.1.2"
  pubspec_parse:
    dependency: transitive
    description:
      name: pubspec_parse
      sha256: "74be4a63a7a1f69e4c81f1b4213e586d58b2f062b3f04f5ceafce43b0e24ab18"
      url: "https://pub.dev"
    source: hosted
    version: "0.3.2"
  quiver:
    dependency: transitive
    description:
      name: quiver
      sha256: "3a1de0e10f01e3451bc55c50ac1a4e3f54b6f2062d51acac221e0c2d78ecfbbf"
      url: "https://pub.dev"
    source: hosted
    version: "3.0.0"
  shelf:
    dependency: transitive
    description:
      name: shelf
      sha256: "7b05b1d8f3a9c7e9e84e6c94a4f472f6b68d28508548c88a3e88d0f7397bf2ec"
      url: "https://pub.dev"
    source: hosted
    version: "1.2.0"
  shelf_static:
    dependency: transitive
    description:
      name: shelf_static
      sha256: "1c5f7da20a50d17ce63e008a1b2bfb2b4e34e26f26b36c58ab66b8b3eb1a0b92"
      url: "https://pub.dev"
    source: hosted
    version: "0.2.3"
  shelf_web_socket:
    dependency: transitive
    description:
      name: shelf_web_socket
      sha256: "97d9ff8c00f135e0f14e65a816fe0f6ac68cf68bbf76e3f6e2a42b82ae7f72b2"
      url: "https://pub.dev"
    source: hosted
    version: "0.3.5"
  sky_engine:
    dependency: transitive
    description:
      name: sky_engine
      sha256: "9a02f429d9cc2d1897c9b6eb09df9efecf5ec8ff7c6a1a9e18058edc14b85be5"
      url: "https://pub.dev"
    source: hosted
    version: "0.0.99"
  source_span:
    dependency: transitive
    description:
      name: source_span
      sha256: "7d01522c31b1f1f8b52003ec48b0d9ef3287f9ea3cf4f1f17a4f352eebc57f4d"
      url: "https://pub.dev"
    source: hosted
    version: "1.8.2"
  stack_trace:
    dependency: transitive
    description:
      name: stack_trace
      sha256: "2a03f1d21d99a94a5c0d1dbd87a1e9e30c2921c4b7f84d084a0d4b8c3ed13a64"
      url: "https://pub.dev"
    source: hosted
    version: "1.10.0"
  stream_transform:
    dependency: transitive
    description:
      name: stream_transform
      sha256: "b09ec5b636d93d28e7165acdf4a13b53fdef28c350a9e9261073e4c1f2922db6"
      url: "https://pub.dev"
    source: hosted
    version: "3.0.1"
  string_scanner:
    dependency: transitive
    description:
      name: string_scanner
      sha256: "3b72a67e5057f6a388d8657642f2e1a160dc97a24ee7e87518d7e70a4c5e0e0d"
      url: "https://pub.dev"
    source: hosted
    version: "2.1.0"
  term_glyph:
    dependency: transitive
    description:
      name: term_glyph
      sha256: "f5a9a45c1bf02ba43943e288601a7b9cde8a2e3f68c1cd58f2b5eb8b254f6473"
      url: "https://pub.dev"
    source: hosted
    version: "1.2.0"
  test_api:
    dependency: transitive
    description:
      name: test_api
      sha256: "bc2b8cfc95a246007e64f3e6d5e913813a1b027ad7fcb4fe6b37a5c877c889f8"
      url: "https://pub.dev"
    source: hosted
    version: "0.5.3"
  typed_data:
    dependency: transitive
    description:
      name: typed_data
      sha256: "78c4b90bebd72c91491b45b644765e0340e52d3b7d57d00eb63c7f4f29c6eef6"
      url: "https://pub.dev"
    source: hosted
    version: "1.3.0"
  vector_math:
    dependency: transitive
    description:
      name: vector_math
      sha256: "03dce9b462c6e53f77e1325e49b6cd6e0e33edccafdfda7a6bfbf2202b16d676"
      url: "https://pub.dev"
    source: hosted
    version: "2.1.0"
  watcher:
    dependency: transitive
    description:
      name: watcher
      sha256: "ee9439910e0fb6b0d3cc4f67d55a015329af79ef0d2b3c3e0e8d8aaab8cf3a01"
      url: "https://pub.dev"
    source: hosted
    version: "0.9.7"
  web_socket_channel:
    dependency: transitive
    description:
      name: web_socket_channel
      sha256: "6f7c7bb1154b7f0cfa9b57698c10b5d6f5e6a90c8a2f0f5ccfe30f35f8c1d2a4"
      url: "https://pub.dev"
    source: hosted
    version: "2.2.2"
  xml:
    dependency: transitive
    description:
      name: xml
      sha256: "e85030b5a3f7ab1b59e59b94775d7a5757c050de7b30e5d59c24a063ebc1cc62"
      url: "https://pub.dev"
    source: hosted
    version: "5.5.2"
  yaml:
    dependency: transitive
    description:
      name: yaml
      sha256: "b88f9a10d007142ec86b5ebf462a7f32ec6b5e647ba56611acde0a8693ce4df5"
      url: "https://pub.dev"
    source: hosted
    version: "3.1.0"